
Microsoft Visual Studio Solution File, Format Version 12.00
# Visual Studio Version 16
VisualStudioVersion = 16.0.33529.622
MinimumVisualStudioVersion = 10.0.40219.1
Project("{FAE04EC0-301F-11D3-BF4B-00C04F79EFBC}") = "2. Add Two Numbers", "2. Add Two Numbers\2. Add Two Numbers.csproj", "{233D081B-E62C-41EF-8E3F-CEBD6CD8F6B9}"
EndProject
Global
	GlobalSection(SolutionConfigurationPlatforms) = preSolution
		Debug|Any CPU = Debug|Any CPU
		Release|Any CPU = Release|Any CPU
	EndGlobalSection
	GlobalSection(ProjectConfigurationPlatforms) = postSolution
		{233D081B-E62C-41EF-8E3F-CEBD6CD8F6B9}.Debug|Any CPU.ActiveCfg = Debug|Any CPU
		{233D081B-E62C-41EF-8E3F-CEBD6CD8F6B9}.Debug|Any CPU.Build.0 = Debug|Any CPU
		{233D081B-E62C-41EF-8E3F-CEBD6CD8F6B9}.Release|Any CPU.ActiveCfg = Release|Any CPU
		{233D081B-E62C-41EF-8E3F-CEBD6CD8F6B9}.Release|Any CPU.Build.0 = Release|Any CPU
	EndGlobalSection
	GlobalSection(SolutionProperties) = preSolution
		HideSolutionNode = FALSE
	EndGlobalSection
	GlobalSection(ExtensibilityGlobals) = postSolution
		SolutionGuid = {31CEF230-4244-4076-BE13-23C5210BA8F4}
	EndGlobalSection
EndGlobal
