
Microsoft Visual Studio Solution File, Format Version 12.00
# Visual Studio Version 16
VisualStudioVersion = 16.0.33529.622
MinimumVisualStudioVersion = 10.0.40219.1
Project("{FAE04EC0-301F-11D3-BF4B-00C04F79EFBC}") = "557. Reverse Words in a String III", "557. Reverse Words in a String III\557. Reverse Words in a String III.csproj", "{F011D160-3DAD-477D-990A-0561862A2465}"
EndProject
Global
	GlobalSection(SolutionConfigurationPlatforms) = preSolution
		Debug|Any CPU = Debug|Any CPU
		Release|Any CPU = Release|Any CPU
	EndGlobalSection
	GlobalSection(ProjectConfigurationPlatforms) = postSolution
		{F011D160-3DAD-477D-990A-0561862A2465}.Debug|Any CPU.ActiveCfg = Debug|Any CPU
		{F011D160-3DAD-477D-990A-0561862A2465}.Debug|Any CPU.Build.0 = Debug|Any CPU
		{F011D160-3DAD-477D-990A-0561862A2465}.Release|Any CPU.ActiveCfg = Release|Any CPU
		{F011D160-3DAD-477D-990A-0561862A2465}.Release|Any CPU.Build.0 = Release|Any CPU
	EndGlobalSection
	GlobalSection(SolutionProperties) = preSolution
		HideSolutionNode = FALSE
	EndGlobalSection
	GlobalSection(ExtensibilityGlobals) = postSolution
		SolutionGuid = {219CBD04-98A5-45E5-A6B0-533C56C2456F}
	EndGlobalSection
EndGlobal
